{
    "_readme": [
        "This file locks the dependencies of your project to a known state",
        "Read more about it at https://getcomposer.org/doc/01-basic-usage.md#composer-lock-the-lock-file",
        "This file is @generated automatically"
    ],
    "content-hash": "1c24967b66592f2bccaa7ba080b1295f",
    "packages": [
        {
            "name": "igun997/ziptopdf",
            "version": "v0.0.3",
            "source": {
                "type": "git",
                "url": "https://github.com/igun997/bulkimage_to_pdf.git",
                "reference": "041027d6be46fd1fa7e605680a2bec2adad3e087"
            },
            "dist": {
                "type": "zip",
                "url": "https://api.github.com/repos/igun997/bulkimage_to_pdf/zipball/041027d6be46fd1fa7e605680a2bec2adad3e087",
                "reference": "041027d6be46fd1fa7e605680a2bec2adad3e087",
                "shasum": ""
            },
            "require": {
                "nelexa/zip": "^3.3"
            },
            "type": "library",
            "autoload": {
                "psr-4": {
                    "Igun997\\Core\\": "src/"
                }
            },
            "notification-url": "https://packagist.org/downloads/",
            "license": [
                "MIT"
            ],
            "authors": [
                {
                    "name": "Indra Gunanda",
                    "email": "indra@imceria.com"
                }
            ],
            "description": "Bulk Image Convert to PDF for Manga",
            "time": "2020-06-14T15:13:15+00:00"
        },
        {
            "name": "nelexa/zip",
            "version": "3.3.1",
            "source": {
                "type": "git",
                "url": "https://github.com/Ne-Lexa/php-zip.git",
                "reference": "52ce79d4d255cc1134863b3564feae8eb00a0991"
            },
            "dist": {
                "type": "zip",
                "url": "https://api.github.com/repos/Ne-Lexa/php-zip/zipball/52ce79d4d255cc1134863b3564feae8eb00a0991",
                "reference": "52ce79d4d255cc1134863b3564feae8eb00a0991",
                "shasum": ""
            },
            "require": {
                "ext-zlib": "*",
                "paragonie/random_compat": "*",
                "php": "^5.5.9 || ^7.0",
                "psr/http-message": "^1.0",
                "symfony/finder": "^3.0|^4.0|^5.0"
            },
            "require-dev": {
                "ext-bz2": "*",
                "ext-fileinfo": "*",
                "ext-openssl": "*",
                "ext-xml": "*",
                "guzzlehttp/psr7": "^1.6",
                "phpunit/phpunit": "^4.8|^5.7",
                "symfony/var-dumper": "^3.0|^4.0|^5.0"
            },
            "suggest": {
                "ext-bz2": "Needed to support BZIP2 compression",
                "ext-fileinfo": "Needed to get mime-type file",
                "ext-mcrypt": "Needed to support encrypt zip entries or use ext-openssl",
                "ext-openssl": "Needed to support encrypt zip entries or use ext-mcrypt"
            },
            "type": "library",
            "autoload": {
                "psr-4": {
                    "PhpZip\\": "src/"
                }
            },
            "notification-url": "https://packagist.org/downloads/",
            "license": [
                "MIT"
            ],
            "authors": [
                {
                    "name": "Ne-Lexa",
                    "email": "alexey@nelexa.ru",
                    "role": "Developer"
                }
            ],
            "description": "PhpZip is a php-library for extended work with ZIP-archives. Open, create, update, delete, extract and get info tool. Supports appending to existing ZIP files, WinZip AES encryption, Traditional PKWARE Encryption, ZipAlign tool, BZIP2 compression, external file attributes and ZIP64 extensions. Alternative ZipArchive. It does not require php-zip extension.",
            "homepage": "https://github.com/Ne-Lexa/php-zip",
            "keywords": [
                "archive",
                "extract",
                "unzip",
                "winzip",
                "zip",
                "zipalign",
                "ziparchive"
            ],
            "time": "2020-04-01T13:33:45+00:00"
        },
        {
            "name": "paquettg/php-html-parser",
            "version": "2.2.1",
            "source": {
                "type": "git",
                "url": "https://github.com/paquettg/php-html-parser.git",
                "reference": "668c770fc5724ea3f15b8791435f054835be8d5e"
            },
            "dist": {
                "type": "zip",
                "url": "https://api.github.com/repos/paquettg/php-html-parser/zipball/668c770fc5724ea3f15b8791435f054835be8d5e",
                "reference": "668c770fc5724ea3f15b8791435f054835be8d5e",
                "shasum": ""
            },
            "require": {
                "ext-curl": "*",
                "ext-mbstring": "*",
                "ext-zlib": "*",
                "paquettg/string-encode": "~1.0.0",
                "php": ">=7.1"
            },
            "require-dev": {
                "infection/infection": "^0.13.4",
                "mockery/mockery": "^1.2",
                "phan/phan": "^2.4",
                "php-coveralls/php-coveralls": "^2.1",
                "phpunit/phpunit": "^7.5.1"
            },
            "type": "library",
            "autoload": {
                "psr-4": {
                    "PHPHtmlParser\\": "src/PHPHtmlParser"
                }
            },
            "notification-url": "https://packagist.org/downloads/",
            "license": [
                "MIT"
            ],
            "authors": [
                {
                    "name": "Gilles Paquette",
                    "email": "paquettg@gmail.com",
                    "homepage": "http://gillespaquette.ca"
                }
            ],
            "description": "An HTML DOM parser. It allows you to manipulate HTML. Find tags on an HTML page with selectors just like jQuery.",
            "homepage": "https://github.com/paquettg/php-html-parser",
            "keywords": [
                "dom",
                "html",
                "parser"
            ],
            "time": "2020-01-20T12:59:15+00:00"
        },
        {
            "name": "paquettg/string-encode",
            "version": "1.0.1",
            "source": {
                "type": "git",
                "url": "https://github.com/paquettg/string-encoder.git",
                "reference": "a8708e9fac9d5ddfc8fc2aac6004e2cd05d80fee"
            },
            "dist": {
                "type": "zip",
                "url": "https://api.github.com/repos/paquettg/string-encoder/zipball/a8708e9fac9d5ddfc8fc2aac6004e2cd05d80fee",
                "reference": "a8708e9fac9d5ddfc8fc2aac6004e2cd05d80fee",
                "shasum": ""
            },
            "require": {
                "php": ">=7.1"
            },
            "require-dev": {
                "phpunit/phpunit": "^7.5.1"
            },
            "type": "library",
            "autoload": {
                "psr-0": {
                    "stringEncode": "src/"
                }
            },
            "notification-url": "https://packagist.org/downloads/",
            "license": [
                "MIT"
            ],
            "authors": [
                {
                    "name": "Gilles Paquette",
                    "email": "paquettg@gmail.com",
                    "homepage": "http://gillespaquette.ca"
                }
            ],
            "description": "Facilitating the process of altering string encoding in PHP.",
            "homepage": "https://github.com/paquettg/string-encoder",
            "keywords": [
                "charset",
                "encoding",
                "string"
            ],
            "time": "2018-12-21T02:25:09+00:00"
        },
        {
            "name": "paragonie/random_compat",
            "version": "v9.99.99",
            "source": {
                "type": "git",
                "url": "https://github.com/paragonie/random_compat.git",
                "reference": "84b4dfb120c6f9b4ff7b3685f9b8f1aa365a0c95"
            },
            "dist": {
                "type": "zip",
                "url": "https://api.github.com/repos/paragonie/random_compat/zipball/84b4dfb120c6f9b4ff7b3685f9b8f1aa365a0c95",
                "reference": "84b4dfb120c6f9b4ff7b3685f9b8f1aa365a0c95",
                "shasum": ""
            },
            "require": {
                "php": "^7"
            },
            "require-dev": {
                "phpunit/phpunit": "4.*|5.*",
                "vimeo/psalm": "^1"
            },
            "suggest": {
                "ext-libsodium": "Provides a modern crypto API that can be used to generate random bytes."
            },
            "type": "library",
            "notification-url": "https://packagist.org/downloads/",
            "license": [
                "MIT"
            ],
            "authors": [
                {
                    "name": "Paragon Initiative Enterprises",
                    "email": "security@paragonie.com",
                    "homepage": "https://paragonie.com"
                }
            ],
            "description": "PHP 5.x polyfill for random_bytes() and random_int() from PHP 7",
            "keywords": [
                "csprng",
                "polyfill",
                "pseudorandom",
                "random"
            ],
            "time": "2018-07-02T15:55:56+00:00"
        },
        {
            "name": "php-curl-class/php-curl-class",
            "version": "8.8.0",
            "source": {
                "type": "git",
                "url": "https://github.com/php-curl-class/php-curl-class.git",
                "reference": "180273b577148090a62bb7333201d17e0b6efb75"
            },
            "dist": {
                "type": "zip",
                "url": "https://api.github.com/repos/php-curl-class/php-curl-class/zipball/180273b577148090a62bb7333201d17e0b6efb75",
                "reference": "180273b577148090a62bb7333201d17e0b6efb75",
                "shasum": ""
            },
            "require": {
                "ext-curl": "*",
                "php": ">=5.3"
            },
            "require-dev": {
                "ext-gd": "*",
                "phpunit/phpunit": "*",
                "squizlabs/php_codesniffer": "*"
            },
            "suggest": {
                "ext-mbstring": "*"
            },
            "type": "library",
            "autoload": {
                "psr-4": {
                    "Curl\\": "src/Curl/"
                }
            },
            "notification-url": "https://packagist.org/downloads/",
            "license": [
                "Unlicense"
            ],
            "authors": [
                {
                    "name": "Zach Borboa"
                }
            ],
            "description": "PHP Curl Class makes it easy to send HTTP requests and integrate with web APIs.",
            "homepage": "https://github.com/php-curl-class/php-curl-class",
            "keywords": [
                "API-Client",
                "api",
                "class",
                "client",
                "curl",
                "framework",
                "http",
                "http-client",
                "http-proxy",
                "json",
                "php",
                "php-curl",
                "php-curl-library",
                "proxy",
                "requests",
                "restful",
                "web-scraper",
                "web-scraping ",
                "web-service",
                "xml"
            ],
            "time": "2020-04-20T03:39:57+00:00"
        },
        {
            "name": "psr/http-message",
            "version": "1.0.1",
            "source": {
                "type": "git",
                "url": "https://github.com/php-fig/http-message.git",
                "reference": "f6561bf28d520154e4b0ec72be95418abe6d9363"
            },
            "dist": {
                "type": "zip",
                "url": "https://api.github.com/repos/php-fig/http-message/zipball/f6561bf28d520154e4b0ec72be95418abe6d9363",
                "reference": "f6561bf28d520154e4b0ec72be95418abe6d9363",
                "shasum": ""
            },
            "require": {
                "php": ">=5.3.0"
            },
            "type": "library",
            "extra": {
                "branch-alias": {
                    "dev-master": "1.0.x-dev"
                }
            },
            "autoload": {
                "psr-4": {
                    "Psr\\Http\\Message\\": "src/"
                }
            },
            "notification-url": "https://packagist.org/downloads/",
            "license": [
                "MIT"
            ],
            "authors": [
                {
                    "name": "PHP-FIG",
                    "homepage": "http://www.php-fig.org/"
                }
            ],
            "description": "Common interface for HTTP messages",
            "homepage": "https://github.com/php-fig/http-message",
            "keywords": [
                "http",
                "http-message",
                "psr",
                "psr-7",
                "request",
                "response"
            ],
            "time": "2016-08-06T14:39:51+00:00"
        },
        {
            "name": "symfony/finder",
            "version": "v5.1.1",
            "source": {
                "type": "git",
                "url": "https://github.com/symfony/finder.git",
                "reference": "4298870062bfc667cb78d2b379be4bf5dec5f187"
            },
            "dist": {
                "type": "zip",
                "url": "https://api.github.com/repos/symfony/finder/zipball/4298870062bfc667cb78d2b379be4bf5dec5f187",
                "reference": "4298870062bfc667cb78d2b379be4bf5dec5f187",
                "shasum": ""
            },
            "require": {
                "php": ">=7.2.5"
            },
            "type": "library",
            "extra": {
                "branch-alias": {
                    "dev-master": "5.1-dev"
                }
            },
            "autoload": {
                "psr-4": {
                    "Symfony\\Component\\Finder\\": ""
                },
                "exclude-from-classmap": [
                    "/Tests/"
                ]
            },
            "notification-url": "https://packagist.org/downloads/",
            "license": [
                "MIT"
            ],
            "authors": [
                {
                    "name": "Fabien Potencier",
                    "email": "fabien@symfony.com"
                },
                {
                    "name": "Symfony Community",
                    "homepage": "https://symfony.com/contributors"
                }
            ],
            "description": "Symfony Finder Component",
            "homepage": "https://symfony.com",
            "time": "2020-05-20T17:43:50+00:00"
        }
    ],
    "packages-dev": [],
    "aliases": [],
    "minimum-stability": "stable",
    "stability-flags": [],
    "prefer-stable": false,
    "prefer-lowest": false,
    "platform": [],
    "platform-dev": []
}
